// !$*UTF8*$!
{
	archiveVersion = 1;
	classes = {
	};
	objectVersion = 50;
	objects = {

/* Begin PBXBuildFile section */
		10741666B0E2F84201D3AD8A /* Pods_ParseChat.framework in Frameworks */ = {isa = PBXBuildFile; fileRef = F758F8245B751895850F9763 /* Pods_ParseChat.framework */; };
		177BB76A2188FF0F001FDED0 /* LoginViewController.swift in Sources */ = {isa = PBXBuildFile; fileRef = 177BB7692188FF0F001FDED0 /* LoginViewController.swift */; };
		177BB76C21891C43001FDED0 /* ChatViewController.swift in Sources */ = {isa = PBXBuildFile; fileRef = 177BB76B21891C43001FDED0 /* ChatViewController.swift */; };
		179E665A2188FC5300BCEFDD /* AppDelegate.swift in Sources */ = {isa = PBXBuildFile; fileRef = 179E66592188FC5300BCEFDD /* AppDelegate.swift */; };
		179E665F2188FC5300BCEFDD /* Main.storyboard in Resources */ = {isa = PBXBuildFile; fileRef = 179E665D2188FC5300BCEFDD /* Main.storyboard */; };
		179E66612188FC5700BCEFDD /* Assets.xcassets in Resources */ = {isa = PBXBuildFile; fileRef = 179E66602188FC5700BCEFDD /* Assets.xcassets */; };
		179E66642188FC5700BCEFDD /* LaunchScreen.storyboard in Resources */ = {isa = PBXBuildFile; fileRef = 179E66622188FC5700BCEFDD /* LaunchScreen.storyboard */; };
		17B35BD121897AB100BD15F5 /* ChatCellTableViewCell.swift in Sources */ = {isa = PBXBuildFile; fileRef = 17B35BD021897AB100BD15F5 /* ChatCellTableViewCell.swift */; };
		17B35BD521897C5400BD15F5 /* Message.swift in Sources */ = {isa = PBXBuildFile; fileRef = 17B35BD421897C5400BD15F5 /* Message.swift */; };
/* End PBXBuildFile section */

/* Begin PBXFileReference section */
		177BB7692188FF0F001FDED0 /* LoginViewController.swift */ = {isa = PBXFileReference; lastKnownFileType = sourcecode.swift; path = LoginViewController.swift; sourceTree = "<group>"; };
		177BB76B21891C43001FDED0 /* ChatViewController.swift */ = {isa = PBXFileReference; lastKnownFileType = sourcecode.swift; path = ChatViewController.swift; sourceTree = "<group>"; };
		179E66562188FC5300BCEFDD /* ParseChat.app */ = {isa = PBXFileReference; explicitFileType = wrapper.application; includeInIndex = 0; path = ParseChat.app; sourceTree = BUILT_PRODUCTS_DIR; };
		179E66592188FC5300BCEFDD /* AppDelegate.swift */ = {isa = PBXFileReference; lastKnownFileType = sourcecode.swift; path = AppDelegate.swift; sourceTree = "<group>"; };
		179E665E2188FC5300BCEFDD /* Base */ = {isa = PBXFileReference; lastKnownFileType = file.storyboard; name = Base; path = Base.lproj/Main.storyboard; sourceTree = "<group>"; };
		179E66602188FC5700BCEFDD /* Assets.xcassets */ = {isa = PBXFileReference; lastKnownFileType = folder.assetcatalog; path = Assets.xcassets; sourceTree = "<group>"; };
		179E66632188FC5700BCEFDD /* Base */ = {isa = PBXFileReference; lastKnownFileType = file.storyboard; name = Base; path = Base.lproj/LaunchScreen.storyboard; sourceTree = "<group>"; };
		179E66652188FC5700BCEFDD /* Info.plist */ = {isa = PBXFileReference; lastKnownFileType = text.plist.xml; path = Info.plist; sourceTree = "<group>"; };
		17B35BD021897AB100BD15F5 /* ChatCellTableViewCell.swift */ = {isa = PBXFileReference; lastKnownFileType = sourcecode.swift; path = ChatCellTableViewCell.swift; sourceTree = "<group>"; };
		17B35BD421897C5400BD15F5 /* Message.swift */ = {isa = PBXFileReference; lastKnownFileType = sourcecode.swift; path = Message.swift; sourceTree = "<group>"; };
		EF97E21521038ADB6381B7DB /* Pods-ParseChat.release.xcconfig */ = {isa = PBXFileReference; includeInIndex = 1; lastKnownFileType = text.xcconfig; name = "Pods-ParseChat.release.xcconfig"; path = "Pods/Target Support Files/Pods-ParseChat/Pods-ParseChat.release.xcconfig"; sourceTree = "<group>"; };
		F758F8245B751895850F9763 /* Pods_ParseChat.framework */ = {isa = PBXFileReference; explicitFileType = wrapper.framework; includeInIndex = 0; path = Pods_ParseChat.framework; sourceTree = BUILT_PRODUCTS_DIR; };
		FA3F7909EF2F897316858B3D /* Pods-ParseChat.debug.xcconfig */ = {isa = PBXFileReference; includeInIndex = 1; lastKnownFileType = text.xcconfig; name = "Pods-ParseChat.debug.xcconfig"; path = "Pods/Target Support Files/Pods-ParseChat/Pods-ParseChat.debug.xcconfig"; sourceTree = "<group>"; };
/* End PBXFileReference section */

/* Begin PBXFrameworksBuildPhase section */
		179E66532188FC5300BCEFDD /* Frameworks */ = {
			isa = PBXFrameworksBuildPhase;
			buildActionMask = 2147483647;
			files = (
				10741666B0E2F84201D3AD8A /* Pods_ParseChat.framework in Frameworks */,
			);
			runOnlyForDeploymentPostprocessing = 0;
		};
/* End PBXFrameworksBuildPhase section */

/* Begin PBXGroup section */
		179E664D2188FC5300BCEFDD = {
			isa = PBXGroup;
			children = (
				179E66582188FC5300BCEFDD /* ParseChat */,
				179E66572188FC5300BCEFDD /* Products */,
				4F94C1A4AAD0F64E3319CE57 /* Pods */,
				5A0CBB160879552D8A4A412C /* Frameworks */,
			);
			sourceTree = "<group>";
		};
		179E66572188FC5300BCEFDD /* Products */ = {
			isa = PBXGroup;
			children = (
				179E66562188FC5300BCEFDD /* ParseChat.app */,
			);
			name = Products;
			sourceTree = "<group>";
		};
		179E66582188FC5300BCEFDD /* ParseChat */ = {
			isa = PBXGroup;
			children = (
				17B35BD221897AC500BD15F5 /* Controller */,
				17B35BD321897AE200BD15F5 /* View */,
				17B35BD6218A153E00BD15F5 /* Model */,
				179E66592188FC5300BCEFDD /* AppDelegate.swift */,
				179E665D2188FC5300BCEFDD /* Main.storyboard */,
				179E66602188FC5700BCEFDD /* Assets.xcassets */,
				179E66622188FC5700BCEFDD /* LaunchScreen.storyboard */,
				179E66652188FC5700BCEFDD /* Info.plist */,
			);
			path = ParseChat;
			sourceTree = "<group>";
		};
		17B35BD221897AC500BD15F5 /* Controller */ = {
			isa = PBXGroup;
			children = (
				177BB7692188FF0F001FDED0 /* LoginViewController.swift */,
				177BB76B21891C43001FDED0 /* ChatViewController.swift */,
			);
			name = Controller;
			sourceTree = "<group>";
		};
		17B35BD321897AE200BD15F5 /* View */ = {
			isa = PBXGroup;
			children = (
				17B35BD021897AB100BD15F5 /* ChatCellTableViewCell.swift */,
			);
			name = View;
			sourceTree = "<group>";
		};
		17B35BD6218A153E00BD15F5 /* Model */ = {
			isa = PBXGroup;
			children = (
				17B35BD421897C5400BD15F5 /* Message.swift */,
			);
			name = Model;
			sourceTree = "<group>";
		};
		4F94C1A4AAD0F64E3319CE57 /* Pods */ = {
			isa = PBXGroup;
			children = (
				FA3F7909EF2F897316858B3D /* Pods-ParseChat.debug.xcconfig */,
				EF97E21521038ADB6381B7DB /* Pods-ParseChat.release.xcconfig */,
			);
			name = Pods;
			sourceTree = "<group>";
		};
		5A0CBB160879552D8A4A412C /* Frameworks */ = {
			isa = PBXGroup;
			children = (
				F758F8245B751895850F9763 /* Pods_ParseChat.framework */,
			);
			name = Frameworks;
			sourceTree = "<group>";
		};
/* End PBXGroup section */

/* Begin PBXNativeTarget section */
		179E66552188FC5300BCEFDD /* ParseChat */ = {
			isa = PBXNativeTarget;
			buildConfigurationList = 179E66682188FC5700BCEFDD /* Build configuration list for PBXNativeTarget "ParseChat" */;
			buildPhases = (
				A4789E07838C22CF9BE8A1BC /* [CP] Check Pods Manifest.lock */,
				179E66522188FC5300BCEFDD /* Sources */,
				179E66532188FC5300BCEFDD /* Frameworks */,
				179E66542188FC5300BCEFDD /* Resources */,
				499DB60F094FB451E033A2E5 /* [CP] Embed Pods Frameworks */,
			);
			buildRules = (
			);
			dependencies = (
			);
			name = ParseChat;
			productName = ParseChat;
			productReference = 179E66562188FC5300BCEFDD /* ParseChat.app */;
			productType = "com.apple.product-type.application";
		};
/* End PBXNativeTarget section */

/* Begin PBXProject section */
		179E664E2188FC5300BCEFDD /* Project object */ = {
			isa = PBXProject;
			attributes = {
				LastSwiftUpdateCheck = 1000;
				LastUpgradeCheck = 1000;
				ORGANIZATIONNAME = "Vichet Meng";
				TargetAttributes = {
					179E66552188FC5300BCEFDD = {
						CreatedOnToolsVersion = 10.0;
					};
				};
			};
			buildConfigurationList = 179E66512188FC5300BCEFDD /* Build configuration list for PBXProject "ParseChat" */;
			compatibilityVersion = "Xcode 9.3";
			developmentRegion = en;
			hasScannedForEncodings = 0;
			knownRegions = (
				en,
				Base,
			);
			mainGroup = 179E664D2188FC5300BCEFDD;
			productRefGroup = 179E66572188FC5300BCEFDD /* Products */;
			projectDirPath = "";
			projectRoot = "";
			targets = (
				179E66552188FC5300BCEFDD /* ParseChat */,
			);
		};
/* End PBXProject section */

/* Begin PBXResourcesBuildPhase section */
		179E66542188FC5300BCEFDD /* Resources */ = {
			isa = PBXResourcesBuildPhase;
			buildActionMask = 2147483647;
			files = (
				179E66642188FC5700BCEFDD /* LaunchScreen.storyboard in Resources */,
				179E66612188FC5700BCEFDD /* Assets.xcassets in Resources */,
				179E665F2188FC5300BCEFDD /* Main.storyboard in Resources */,
			);
			runOnlyForDeploymentPostprocessing = 0;
		};
/* End PBXResourcesBuildPhase section */

/* Begin PBXShellScriptBuildPhase section */
		499DB60F094FB451E033A2E5 /* [CP] Embed Pods Frameworks */ = {
			isa = PBXShellScriptBuildPhase;
			buildActionMask = 2147483647;
			files = (
			);
			inputPaths = (
				"${SRCROOT}/Pods/Target Support Files/Pods-ParseChat/Pods-ParseChat-frameworks.sh",
				"${BUILT_PRODUCTS_DIR}/Bolts/Bolts.framework",
				"${BUILT_PRODUCTS_DIR}/Parse/Parse.framework",
			);
			name = "[CP] Embed Pods Frameworks";
			outputPaths = (
				"${TARGET_BUILD_DIR}/${FRAMEWORKS_FOLDER_PATH}/Bolts.framework",
				"${TARGET_BUILD_DIR}/${FRAMEWORKS_FOLDER_PATH}/Parse.framework",
			);
			runOnlyForDeploymentPostprocessing = 0;
			shellPath = /bin/sh;
			shellScript = "\"${SRCROOT}/Pods/Target Support Files/Pods-ParseChat/Pods-ParseChat-frameworks.sh\"\n";
			showEnvVarsInLog = 0;
		};
		A4789E07838C22CF9BE8A1BC /* [CP] Check Pods Manifest.lock */ = {
			isa = PBXShellScriptBuildPhase;
			buildActionMask = 2147483647;
			files = (
			);
			inputPaths = (
				"${PODS_PODFILE_DIR_PATH}/Podfile.lock",
				"${PODS_ROOT}/Manifest.lock",
			);
			name = "[CP] Check Pods Manifest.lock";
			outputPaths = (
				"$(DERIVED_FILE_DIR)/Pods-ParseChat-checkManifestLockResult.txt",
			);
			runOnlyForDeploymentPostprocessing = 0;
			shellPath = /bin/sh;
			shellScript = "diff \"${PODS_PODFILE_DIR_PATH}/Podfile.lock\" \"${PODS_ROOT}/Manifest.lock\" > /dev/null\nif [ $? != 0 ] ; then\n    # print error to STDERR\n    echo \"error: The sandbox is not in sync with the Podfile.lock. Run 'pod install' or update your CocoaPods installation.\" >&2\n    exit 1\nfi\n# This output is used by Xcode 'outputs' to avoid re-running this script phase.\necho \"SUCCESS\" > \"${SCRIPT_OUTPUT_FILE_0}\"\n";
			showEnvVarsInLog = 0;
		};
/* End PBXShellScriptBuildPhase section */

/* Begin PBXSourcesBuildPhase section */
		179E66522188FC5300BCEFDD /* Sources */ = {
			isa = PBXSourcesBuildPhase;
			buildActionMask = 2147483647;
			files = (
				17B35BD121897AB100BD15F5 /* ChatCellTableViewCell.swift in Sources */,
				177BB76A2188FF0F001FDED0 /* LoginViewController.swift in Sources */,
				17B35BD521897C5400BD15F5 /* Message.swift in Sources */,
				177BB76C21891C43001FDED0 /* ChatViewController.swift in Sources */,
				179E665A2188FC5300BCEFDD /* AppDelegate.swift in Sources */,
			);
			runOnlyForDeploymentPostprocessing = 0;
		};
/* End PBXSourcesBuildPhase section */

/* Begin PBXVariantGroup section */
		179E665D2188FC5300BCEFDD /* Main.storyboard */ = {
			isa = PBXVariantGroup;
			children = (
				179E665E2188FC5300BCEFDD /* Base */,
			);
			name = Main.storyboard;
			sourceTree = "<group>";
		};
		179E66622188FC5700BCEFDD /* LaunchScreen.storyboard */ = {
			isa = PBXVariantGroup;
			children = (
				179E66632188FC5700BCEFDD /* Base */,
			);
			name = LaunchScreen.storyboard;
			sourceTree = "<group>";
		};
/* End PBXVariantGroup section */

/* Begin XCBuildConfiguration section */
		179E66662188FC5700BCEFDD /* Debug */ = {
			isa = XCBuildConfiguration;
			buildSettings = {
				ALWAYS_SEARCH_USER_PATHS = NO;
				CLANG_ANALYZER_NONNULL = YES;
				CLANG_ANALYZER_NUMBER_OBJECT_CONVERSION = YES_AGGRESSIVE;
				CLANG_CXX_LANGUAGE_STANDARD = "gnu++14";
				CLANG_CXX_LIBRARY = "libc++";
				CLANG_ENABLE_MODULES = YES;
				CLANG_ENABLE_OBJC_ARC = YES;
				CLANG_ENABLE_OBJC_WEAK = YES;
				CLANG_WARN_BLOCK_CAPTURE_AUTORELEASING = YES;
				CLANG_WARN_BOOL_CONVERSION = YES;
				CLANG_WARN_COMMA = YES;
				CLANG_WARN_CONSTANT_CONVERSION = YES;
				CLANG_WARN_DEPRECATED_OBJC_IMPLEMENTATIONS = YES;
				CLANG_WARN_DIRECT_OBJC_ISA_USAGE = YES_ERROR;
				CLANG_WARN_DOCUMENTATION_COMMENTS = YES;
				CLANG_WARN_EMPTY_BODY = YES;
				CLANG_WARN_ENUM_CONVERSION = YES;
				CLANG_WARN_INFINITE_RECURSION = YES;
				CLANG_WARN_INT_CONVERSION = YES;
				CLANG_WARN_NON_LITERAL_NULL_CONVERSION = YES;
				CLANG_WARN_OBJC_IMPLICIT_RETAIN_SELF = YES;
				CLANG_WARN_OBJC_LITERAL_CONVERSION = YES;
				CLANG_WARN_OBJC_ROOT_CLASS = YES_ERROR;
				CLANG_WARN_RANGE_LOOP_ANALYSIS = YES;
				CLANG_WARN_STRICT_PROTOTYPES = YES;
				CLANG_WARN_SUSPICIOUS_MOVE = YES;
				CLANG_WARN_UNGUARDED_AVAILABILITY = YES_AGGRESSIVE;
				CLANG_WARN_UNREACHABLE_CODE = YES;
				CLANG_WARN__DUPLICATE_METHOD_MATCH = YES;
				CODE_SIGN_IDENTITY = "iPhone Developer";
				COPY_PHASE_STRIP = NO;
				DEBUG_INFORMATION_FORMAT = dwarf;
				ENABLE_STRICT_OBJC_MSGSEND = YES;
				ENABLE_TESTABILITY = YES;
				GCC_C_LANGUAGE_STANDARD = gnu11;
				GCC_DYNAMIC_NO_PIC = NO;
				GCC_NO_COMMON_BLOCKS = YES;
				GCC_OPTIMIZATION_LEVEL = 0;
				GCC_PREPROCESSOR_DEFINITIONS = (
					"DEBUG=1",
					"$(inherited)",
				);
				GCC_WARN_64_TO_32_BIT_CONVERSION = YES;
				GCC_WARN_ABOUT_RETURN_TYPE = YES_ERROR;
				GCC_WARN_UNDECLARED_SELECTOR = YES;
				GCC_WARN_UNINITIALIZED_AUTOS = YES_AGGRESSIVE;
				GCC_WARN_UNUSED_FUNCTION = YES;
				GCC_WARN_UNUSED_VARIABLE = YES;
				IPHONEOS_DEPLOYMENT_TARGET = 12.0;
				MTL_ENABLE_DEBUG_INFO = INCLUDE_SOURCE;
				MTL_FAST_MATH = YES;
				ONLY_ACTIVE_ARCH = YES;
				SDKROOT = iphoneos;
				SWIFT_ACTIVE_COMPILATION_CONDITIONS = DEBUG;
				SWIFT_OPTIMIZATION_LEVEL = "-Onone";
			};
			name = Debug;
		};
		179E66672188FC5700BCEFDD /* Release */ = {
			isa = XCBuildConfiguration;
			buildSettings = {
				ALWAYS_SEARCH_USER_PATHS = NO;
				CLANG_ANALYZER_NONNULL = YES;
				CLANG_ANALYZER_NUMBER_OBJECT_CONVERSION = YES_AGGRESSIVE;
				CLANG_CXX_LANGUAGE_STANDARD = "gnu++14";
				CLANG_CXX_LIBRARY = "libc++";
				CLANG_ENABLE_MODULES = YES;
				CLANG_ENABLE_OBJC_ARC = YES;
				CLANG_ENABLE_OBJC_WEAK = YES;
				CLANG_WARN_BLOCK_CAPTURE_AUTORELEASING = YES;
				CLANG_WARN_BOOL_CONVERSION = YES;
				CLANG_WARN_COMMA = YES;
				CLANG_WARN_CONSTANT_CONVERSION = YES;
				CLANG_WARN_DEPRECATED_OBJC_IMPLEMENTATIONS = YES;
				CLANG_WARN_DIRECT_OBJC_ISA_USAGE = YES_ERROR;
				CLANG_WARN_DOCUMENTATION_COMMENTS = YES;
				CLANG_WARN_EMPTY_BODY = YES;
				CLANG_WARN_ENUM_CONVERSION = YES;
				CLANG_WARN_INFINITE_RECURSION = YES;
				CLANG_WARN_INT_CONVERSION = YES;
				CLANG_WARN_NON_LITERAL_NULL_CONVERSION = YES;
				CLANG_WARN_OBJC_IMPLICIT_RETAIN_SELF = YES;
				CLANG_WARN_OBJC_LITERAL_CONVERSION = YES;
				CLANG_WARN_OBJC_ROOT_CLASS = YES_ERROR;
				CLANG_WARN_RANGE_LOOP_ANALYSIS = YES;
				CLANG_WARN_STRICT_PROTOTYPES = YES;
				CLANG_WARN_SUSPICIOUS_MOVE = YES;
				CLANG_WARN_UNGUARDED_AVAILABILITY = YES_AGGRESSIVE;
				CLANG_WARN_UNREACHABLE_CODE = YES;
				CLANG_WARN__DUPLICATE_METHOD_MATCH = YES;
				CODE_SIGN_IDENTITY = "iPhone Developer";
				COPY_PHASE_STRIP = NO;
				DEBUG_INFORMATION_FORMAT = "dwarf-with-dsym";
				ENABLE_NS_ASSERTIONS = NO;
				ENABLE_STRICT_OBJC_MSGSEND = YES;
				GCC_C_LANGUAGE_STANDARD = gnu11;
				GCC_NO_COMMON_BLOCKS = YES;
				GCC_WARN_64_TO_32_BIT_CONVERSION = YES;
				GCC_WARN_ABOUT_RETURN_TYPE = YES_ERROR;
				GCC_WARN_UNDECLARED_SELECTOR = YES;
				GCC_WARN_UNINITIALIZED_AUTOS = YES_AGGRESSIVE;
				GCC_WARN_UNUSED_FUNCTION = YES;
				GCC_WARN_UNUSED_VARIABLE = YES;
				IPHONEOS_DEPLOYMENT_TARGET = 12.0;
				MTL_ENABLE_DEBUG_INFO = NO;
				MTL_FAST_MATH = YES;
				SDKROOT = iphoneos;
				SWIFT_COMPILATION_MODE = wholemodule;
				SWIFT_OPTIMIZATION_LEVEL = "-O";
				VALIDATE_PRODUCT = YES;
			};
			name = Release;
		};
		179E66692188FC5700BCEFDD /* Debug */ = {
			isa = XCBuildConfiguration;
			baseConfigurationReference = FA3F7909EF2F897316858B3D /* Pods-ParseChat.debug.xcconfig */;
			buildSettings = {
				ASSETCATALOG_COMPILER_APPICON_NAME = AppIcon;
				CODE_SIGN_STYLE = Automatic;
				INFOPLIST_FILE = ParseChat/Info.plist;
				LD_RUNPATH_SEARCH_PATHS = (
					"$(inherited)",
					"@executable_path/Frameworks",
				);
				PRODUCT_BUNDLE_IDENTIFIER = com.vichetmeng.ParseChat;
				PRODUCT_NAME = "$(TARGET_NAME)";
				SWIFT_VERSION = 4.2;
				TARGETED_DEVICE_FAMILY = "1,2";
			};
			name = Debug;
		};
		179E666A2188FC5700BCEFDD /* Release */ = {
			isa = XCBuildConfiguration;
			baseConfigurationReference = EF97E21521038ADB6381B7DB /* Pods-ParseChat.release.xcconfig */;
			buildSettings = {
				ASSETCATALOG_COMPILER_APPICON_NAME = AppIcon;
				CODE_SIGN_STYLE = Automatic;
				INFOPLIST_FILE = ParseChat/Info.plist;
				LD_RUNPATH_SEARCH_PATHS = (
					"$(inherited)",
					"@executable_path/Frameworks",
				);
				PRODUCT_BUNDLE_IDENTIFIER = com.vichetmeng.ParseChat;
				PRODUCT_NAME = "$(TARGET_NAME)";
				SWIFT_VERSION = 4.2;
				TARGETED_DEVICE_FAMILY = "1,2";
			};
			name = Release;
		};
/* End XCBuildConfiguration section */

/* Begin XCConfigurationList section */
		179E66512188FC5300BCEFDD /* Build configuration list for PBXProject "ParseChat" */ = {
			isa = XCConfigurationList;
			buildConfigurations = (
				179E66662188FC5700BCEFDD /* Debug */,
				179E66672188FC5700BCEFDD /* Release */,
			);
			defaultConfigurationIsVisible = 0;
			defaultConfigurationName = Release;
		};
		179E66682188FC5700BCEFDD /* Build configuration list for PBXNativeTarget "ParseChat" */ = {
			isa = XCConfigurationList;
			buildConfigurations = (
				179E66692188FC5700BCEFDD /* Debug */,
				179E666A2188FC5700BCEFDD /* Release */,
			);
			defaultConfigurationIsVisible = 0;
			defaultConfigurationName = Release;
		};
/* End XCConfigurationList section */
	};
	rootObject = 179E664E2188FC5300BCEFDD /* Project object */;
}
